
Microsoft Visual Studio Solution File, Format Version 12.00
# Visual Studio Version 16
VisualStudioVersion = 16.0.29319.158
MinimumVisualStudioVersion = 10.0.40219.1
Project("{9A19103F-16F7-4668-BE54-9A1E7A4F7556}") = "Lab2-CLI-encrypt", "Lab2-CLI\Lab2-CLI-encrypt.csproj", "{BCDBC56B-3B24-46B5-880C-E329B3250D83}"
EndProject
Project("{9A19103F-16F7-4668-BE54-9A1E7A4F7556}") = "CipherLib", "CipherLib\CipherLib.csproj", "{CE3C06E8-9A82-431D-B4E9-CEEC85DBD67A}"
EndProject
Project("{9A19103F-16F7-4668-BE54-9A1E7A4F7556}") = "Lab2-decrypt", "Lab2-decrypt\Lab2-decrypt.csproj", "{19E427C6-BF92-4042-951A-4C3E0EBF2A9B}"
EndProject
Project("{9A19103F-16F7-4668-BE54-9A1E7A4F7556}") = "CipherLibTests", "CipherLibTests\CipherLibTests.csproj", "{3D7F2F98-711F-4B11-A4BD-C6F41689FA0C}"
EndProject
Project("{9A19103F-16F7-4668-BE54-9A1E7A4F7556}") = "Lab3WPF", "Lab3WPF\Lab3WPF.csproj", "{97311FF8-9DFA-489C-B07A-AF62A2D22908}"
EndProject
Project("{2150E333-8FDC-42A3-9474-1A3956D46DE8}") = "Lab2", "Lab2", "{4E5B21DD-3CCB-4493-98C1-7BFC60188AB8}"
EndProject
Project("{9A19103F-16F7-4668-BE54-9A1E7A4F7556}") = "Lab4", "Lab4\Lab4.csproj", "{576FC944-2434-43E0-A34C-45C79C9A476C}"
EndProject
Project("{9A19103F-16F7-4668-BE54-9A1E7A4F7556}") = "Lab4Tests", "Lab4Tests\Lab4Tests.csproj", "{43DC2939-0083-40FD-B8EE-7BB799E65519}"
EndProject
Project("{2150E333-8FDC-42A3-9474-1A3956D46DE8}") = "Lab4", "Lab4", "{698ECC6D-4968-4124-AD5B-C7DA9BFCACC4}"
EndProject
Project("{2150E333-8FDC-42A3-9474-1A3956D46DE8}") = "Lab3", "Lab3", "{20715B6B-27A0-4C27-9766-0BFCD840AB95}"
EndProject
Project("{2150E333-8FDC-42A3-9474-1A3956D46DE8}") = "Lab5", "Lab5", "{5DC43B96-E1C7-43D4-BF45-1E34B2E9E619}"
EndProject
Project("{2150E333-8FDC-42A3-9474-1A3956D46DE8}") = "Lab7", "Lab7", "{972C01C7-2801-45D5-97D2-38F0AA3E044E}"
EndProject
Project("{9A19103F-16F7-4668-BE54-9A1E7A4F7556}") = "Lab5", "Lab5\Lab5.csproj", "{1BCAB95E-FAAE-4841-9094-68603A6937CA}"
EndProject
Project("{FAE04EC0-301F-11D3-BF4B-00C04F79EFBC}") = "Lab7WF", "Lab7WF\Lab7WF.csproj", "{9BA651C6-66D1-4AB7-994F-48F0EC34B090}"
EndProject
Global
	GlobalSection(SolutionConfigurationPlatforms) = preSolution
		Debug|Any CPU = Debug|Any CPU
		Release|Any CPU = Release|Any CPU
	EndGlobalSection
	GlobalSection(ProjectConfigurationPlatforms) = postSolution
		{BCDBC56B-3B24-46B5-880C-E329B3250D83}.Debug|Any CPU.ActiveCfg = Debug|Any CPU
		{BCDBC56B-3B24-46B5-880C-E329B3250D83}.Debug|Any CPU.Build.0 = Debug|Any CPU
		{BCDBC56B-3B24-46B5-880C-E329B3250D83}.Release|Any CPU.ActiveCfg = Release|Any CPU
		{BCDBC56B-3B24-46B5-880C-E329B3250D83}.Release|Any CPU.Build.0 = Release|Any CPU
		{CE3C06E8-9A82-431D-B4E9-CEEC85DBD67A}.Debug|Any CPU.ActiveCfg = Debug|Any CPU
		{CE3C06E8-9A82-431D-B4E9-CEEC85DBD67A}.Debug|Any CPU.Build.0 = Debug|Any CPU
		{CE3C06E8-9A82-431D-B4E9-CEEC85DBD67A}.Release|Any CPU.ActiveCfg = Release|Any CPU
		{CE3C06E8-9A82-431D-B4E9-CEEC85DBD67A}.Release|Any CPU.Build.0 = Release|Any CPU
		{19E427C6-BF92-4042-951A-4C3E0EBF2A9B}.Debug|Any CPU.ActiveCfg = Debug|Any CPU
		{19E427C6-BF92-4042-951A-4C3E0EBF2A9B}.Debug|Any CPU.Build.0 = Debug|Any CPU
		{19E427C6-BF92-4042-951A-4C3E0EBF2A9B}.Release|Any CPU.ActiveCfg = Release|Any CPU
		{19E427C6-BF92-4042-951A-4C3E0EBF2A9B}.Release|Any CPU.Build.0 = Release|Any CPU
		{3D7F2F98-711F-4B11-A4BD-C6F41689FA0C}.Debug|Any CPU.ActiveCfg = Debug|Any CPU
		{3D7F2F98-711F-4B11-A4BD-C6F41689FA0C}.Debug|Any CPU.Build.0 = Debug|Any CPU
		{3D7F2F98-711F-4B11-A4BD-C6F41689FA0C}.Release|Any CPU.ActiveCfg = Release|Any CPU
		{3D7F2F98-711F-4B11-A4BD-C6F41689FA0C}.Release|Any CPU.Build.0 = Release|Any CPU
		{97311FF8-9DFA-489C-B07A-AF62A2D22908}.Debug|Any CPU.ActiveCfg = Debug|Any CPU
		{97311FF8-9DFA-489C-B07A-AF62A2D22908}.Debug|Any CPU.Build.0 = Debug|Any CPU
		{97311FF8-9DFA-489C-B07A-AF62A2D22908}.Release|Any CPU.ActiveCfg = Release|Any CPU
		{97311FF8-9DFA-489C-B07A-AF62A2D22908}.Release|Any CPU.Build.0 = Release|Any CPU
		{576FC944-2434-43E0-A34C-45C79C9A476C}.Debug|Any CPU.ActiveCfg = Debug|Any CPU
		{576FC944-2434-43E0-A34C-45C79C9A476C}.Debug|Any CPU.Build.0 = Debug|Any CPU
		{576FC944-2434-43E0-A34C-45C79C9A476C}.Release|Any CPU.ActiveCfg = Release|Any CPU
		{576FC944-2434-43E0-A34C-45C79C9A476C}.Release|Any CPU.Build.0 = Release|Any CPU
		{43DC2939-0083-40FD-B8EE-7BB799E65519}.Debug|Any CPU.ActiveCfg = Debug|Any CPU
		{43DC2939-0083-40FD-B8EE-7BB799E65519}.Debug|Any CPU.Build.0 = Debug|Any CPU
		{43DC2939-0083-40FD-B8EE-7BB799E65519}.Release|Any CPU.ActiveCfg = Release|Any CPU
		{43DC2939-0083-40FD-B8EE-7BB799E65519}.Release|Any CPU.Build.0 = Release|Any CPU
		{1BCAB95E-FAAE-4841-9094-68603A6937CA}.Debug|Any CPU.ActiveCfg = Debug|Any CPU
		{1BCAB95E-FAAE-4841-9094-68603A6937CA}.Debug|Any CPU.Build.0 = Debug|Any CPU
		{1BCAB95E-FAAE-4841-9094-68603A6937CA}.Release|Any CPU.ActiveCfg = Release|Any CPU
		{1BCAB95E-FAAE-4841-9094-68603A6937CA}.Release|Any CPU.Build.0 = Release|Any CPU
		{9BA651C6-66D1-4AB7-994F-48F0EC34B090}.Debug|Any CPU.ActiveCfg = Debug|Any CPU
		{9BA651C6-66D1-4AB7-994F-48F0EC34B090}.Debug|Any CPU.Build.0 = Debug|Any CPU
		{9BA651C6-66D1-4AB7-994F-48F0EC34B090}.Release|Any CPU.ActiveCfg = Release|Any CPU
		{9BA651C6-66D1-4AB7-994F-48F0EC34B090}.Release|Any CPU.Build.0 = Release|Any CPU
	EndGlobalSection
	GlobalSection(SolutionProperties) = preSolution
		HideSolutionNode = FALSE
	EndGlobalSection
	GlobalSection(NestedProjects) = preSolution
		{BCDBC56B-3B24-46B5-880C-E329B3250D83} = {4E5B21DD-3CCB-4493-98C1-7BFC60188AB8}
		{CE3C06E8-9A82-431D-B4E9-CEEC85DBD67A} = {4E5B21DD-3CCB-4493-98C1-7BFC60188AB8}
		{19E427C6-BF92-4042-951A-4C3E0EBF2A9B} = {4E5B21DD-3CCB-4493-98C1-7BFC60188AB8}
		{3D7F2F98-711F-4B11-A4BD-C6F41689FA0C} = {4E5B21DD-3CCB-4493-98C1-7BFC60188AB8}
		{97311FF8-9DFA-489C-B07A-AF62A2D22908} = {20715B6B-27A0-4C27-9766-0BFCD840AB95}
		{576FC944-2434-43E0-A34C-45C79C9A476C} = {698ECC6D-4968-4124-AD5B-C7DA9BFCACC4}
		{43DC2939-0083-40FD-B8EE-7BB799E65519} = {698ECC6D-4968-4124-AD5B-C7DA9BFCACC4}
		{1BCAB95E-FAAE-4841-9094-68603A6937CA} = {5DC43B96-E1C7-43D4-BF45-1E34B2E9E619}
		{9BA651C6-66D1-4AB7-994F-48F0EC34B090} = {972C01C7-2801-45D5-97D2-38F0AA3E044E}
	EndGlobalSection
	GlobalSection(ExtensibilityGlobals) = postSolution
		SolutionGuid = {D62B3410-EA96-4207-9653-24FFB80B5BC5}
	EndGlobalSection
EndGlobal
